# This file is automatically @generated by Poetry 1.8.4 and should not be changed by hand.

[[package]]
name = "diskcache"
version = "5.6.3"
description = "Disk Cache -- Disk and file backed persistent cache."
optional = false
python-versions = ">=3"
files = [
    {file = "diskcache-5.6.3-py3-none-any.whl", hash = "sha256:5e31b2d5fbad117cc363ebaf6b689474db18a1f6438bc82358b024abd4c2ca19"},
    {file = "diskcache-5.6.3.tar.gz", hash = "sha256:2c3a3fa2743d8535d832ec61c2054a1641f41775aa7c556758a109941e33e4fc"},
]

[[package]]
name = "pydantic"
version = "1.10.19"
description = "Data validation and settings management using python type hints"
optional = false
python-versions = ">=3.7"
files = [
    {file = "pydantic-1.10.19-cp310-cp310-macosx_10_9_x86_64.whl", hash = "sha256:a415b9e95fa602b10808113967f72b2da8722061265d6af69268c111c254832d"},
    {file = "pydantic-1.10.19-cp310-cp310-macosx_11_0_arm64.whl", hash = "sha256:11965f421f7eb026439d4eb7464e9182fe6d69c3d4d416e464a4485d1ba61ab6"},
    {file = "pydantic-1.10.19-cp310-cp310-manylinux_2_17_x86_64.manylinux2014_x86_64.whl", hash = "sha256:f5bb81fcfc6d5bff62cd786cbd87480a11d23f16d5376ad2e057c02b3b44df96"},
    {file = "pydantic-1.10.19-cp310-cp310-manylinux_2_5_i686.manylinux1_i686.manylinux_2_17_i686.manylinux2014_i686.whl", hash = "sha256:83ee8c9916689f8e6e7d90161e6663ac876be2efd32f61fdcfa3a15e87d4e413"},
    {file = "pydantic-1.10.19-cp310-cp310-musllinux_1_1_i686.whl", hash = "sha256:0399094464ae7f28482de22383e667625e38e1516d6b213176df1acdd0c477ea"},
    {file = "pydantic-1.10.19-cp310-cp310-musllinux_1_1_x86_64.whl", hash = "sha256:8b2cf5e26da84f2d2dee3f60a3f1782adedcee785567a19b68d0af7e1534bd1f"},
    {file = "pydantic-1.10.19-cp310-cp310-win_amd64.whl", hash = "sha256:1fc8cc264afaf47ae6a9bcbd36c018d0c6b89293835d7fb0e5e1a95898062d59"},
    {file = "pydantic-1.10.19-cp311-cp311-macosx_10_9_x86_64.whl", hash = "sha256:d7a8a1dd68bac29f08f0a3147de1885f4dccec35d4ea926e6e637fac03cdb4b3"},
    {file = "pydantic-1.10.19-cp311-cp311-macosx_11_0_arm64.whl", hash = "sha256:07d00ca5ef0de65dd274005433ce2bb623730271d495a7d190a91c19c5679d34"},
    {file = "pydantic-1.10.19-cp311-cp311-manylinux_2_17_x86_64.manylinux2014_x86_64.whl", hash = "sha256:ad57004e5d73aee36f1e25e4e73a4bc853b473a1c30f652dc8d86b0a987ffce3"},
    {file = "pydantic-1.10.19-cp311-cp311-manylinux_2_5_i686.manylinux1_i686.manylinux_2_17_i686.manylinux2014_i686.whl", hash = "sha256:dce355fe7ae53e3090f7f5fa242423c3a7b53260747aa398b4b3aaf8b25f41c3"},
    {file = "pydantic-1.10.19-cp311-cp311-musllinux_1_1_i686.whl", hash = "sha256:0d32227ea9a3bf537a2273fd2fdb6d64ab4d9b83acd9e4e09310a777baaabb98"},
    {file = "pydantic-1.10.19-cp311-cp311-musllinux_1_1_x86_64.whl", hash = "sha256:e351df83d1c9cffa53d4e779009a093be70f1d5c6bb7068584086f6a19042526"},
    {file = "pydantic-1.10.19-cp311-cp311-win_amd64.whl", hash = "sha256:d8d72553d2f3f57ce547de4fa7dc8e3859927784ab2c88343f1fc1360ff17a08"},
    {file = "pydantic-1.10.19-cp312-cp312-macosx_10_9_x86_64.whl", hash = "sha256:d5b5b7c6bafaef90cbb7dafcb225b763edd71d9e22489647ee7df49d6d341890"},
    {file = "pydantic-1.10.19-cp312-cp312-macosx_11_0_arm64.whl", hash = "sha256:570ad0aeaf98b5e33ff41af75aba2ef6604ee25ce0431ecd734a28e74a208555"},
    {file = "pydantic-1.10.19-cp312-cp312-manylinux_2_17_x86_64.manylinux2014_x86_64.whl", hash = "sha256:0890fbd7fec9e151c7512941243d830b2d6076d5df159a2030952d480ab80a4e"},
    {file = "pydantic-1.10.19-cp312-cp312-manylinux_2_5_i686.manylinux1_i686.manylinux_2_17_i686.manylinux2014_i686.whl", hash = "sha256:ec5c44e6e9eac5128a9bfd21610df3b8c6b17343285cc185105686888dc81206"},
    {file = "pydantic-1.10.19-cp312-cp312-musllinux_1_1_i686.whl", hash = "sha256:6eb56074b11a696e0b66c7181da682e88c00e5cebe6570af8013fcae5e63e186"},
    {file = "pydantic-1.10.19-cp312-cp312-musllinux_1_1_x86_64.whl", hash = "sha256:9d7d48fbc5289efd23982a0d68e973a1f37d49064ccd36d86de4543aff21e086"},
    {file = "pydantic-1.10.19-cp312-cp312-win_amd64.whl", hash = "sha256:fd34012691fbd4e67bdf4accb1f0682342101015b78327eaae3543583fcd451e"},
    {file = "pydantic-1.10.19-cp37-cp37m-macosx_10_9_x86_64.whl", hash = "sha256:4a5d5b877c7d3d9e17399571a8ab042081d22fe6904416a8b20f8af5909e6c8f"},
    {file = "pydantic-1.10.19-cp37-cp37m-manylinux_2_17_x86_64.manylinux2014_x86_64.whl", hash = "sha256:9c46f58ef2df958ed2ea7437a8be0897d5efe9ee480818405338c7da88186fb3"},
    {file = "pydantic-1.10.19-cp37-cp37m-manylinux_2_5_i686.manylinux1_i686.manylinux_2_17_i686.manylinux2014_i686.whl", hash = "sha256:6d8a38a44bb6a15810084316ed69c854a7c06e0c99c5429f1d664ad52cec353c"},
    {file = "pydantic-1.10.19-cp37-cp37m-musllinux_1_1_i686.whl", hash = "sha256:a82746c6d6e91ca17e75f7f333ed41d70fce93af520a8437821dec3ee52dfb10"},
    {file = "pydantic-1.10.19-cp37-cp37m-musllinux_1_1_x86_64.whl", hash = "sha256:566bebdbe6bc0ac593fa0f67d62febbad9f8be5433f686dc56401ba4aab034e3"},
    {file = "pydantic-1.10.19-cp37-cp37m-win_amd64.whl", hash = "sha256:22a1794e01591884741be56c6fba157c4e99dcc9244beb5a87bd4aa54b84ea8b"},
    {file = "pydantic-1.10.19-cp38-cp38-macosx_10_9_x86_64.whl", hash = "sha256:076c49e24b73d346c45f9282d00dbfc16eef7ae27c970583d499f11110d9e5b0"},
    {file = "pydantic-1.10.19-cp38-cp38-macosx_11_0_arm64.whl", hash = "sha256:5d4320510682d5a6c88766b2a286d03b87bd3562bf8d78c73d63bab04b21e7b4"},
    {file = "pydantic-1.10.19-cp38-cp38-manylinux_2_17_x86_64.manylinux2014_x86_64.whl", hash = "sha256:7e66aa0fa7f8aa9d0a620361834f6eb60d01d3e9cea23ca1a92cda99e6f61dac"},
    {file = "pydantic-1.10.19-cp38-cp38-manylinux_2_5_i686.manylinux1_i686.manylinux_2_17_i686.manylinux2014_i686.whl", hash = "sha256:d216f8d0484d88ab72ab45d699ac669fe031275e3fa6553e3804e69485449fa0"},
    {file = "pydantic-1.10.19-cp38-cp38-musllinux_1_1_i686.whl", hash = "sha256:9f28a81978e936136c44e6a70c65bde7548d87f3807260f73aeffbf76fb94c2f"},
    {file = "pydantic-1.10.19-cp38-cp38-musllinux_1_1_x86_64.whl", hash = "sha256:d3449633c207ec3d2d672eedb3edbe753e29bd4e22d2e42a37a2c1406564c20f"},
    {file = "pydantic-1.10.19-cp38-cp38-win_amd64.whl", hash = "sha256:7ea24e8614f541d69ea72759ff635df0e612b7dc9d264d43f51364df310081a3"},
    {file = "pydantic-1.10.19-cp39-cp39-macosx_10_9_x86_64.whl", hash = "sha256:573254d844f3e64093f72fcd922561d9c5696821ff0900a0db989d8c06ab0c25"},
    {file = "pydantic-1.10.19-cp39-cp39-macosx_11_0_arm64.whl", hash = "sha256:ff09600cebe957ecbb4a27496fe34c1d449e7957ed20a202d5029a71a8af2e35"},
    {file = "pydantic-1.10.19-cp39-cp39-manylinux_2_17_x86_64.manylinux2014_x86_64.whl", hash = "sha256:4739c206bfb6bb2bdc78dcd40bfcebb2361add4ceac6d170e741bb914e9eff0f"},
    {file = "pydantic-1.10.19-cp39-cp39-manylinux_2_5_i686.manylinux1_i686.manylinux_2_17_i686.manylinux2014_i686.whl", hash = "sha256:0bfb5b378b78229119d66ced6adac2e933c67a0aa1d0a7adffbe432f3ec14ce4"},
    {file = "pydantic-1.10.19-cp39-cp39-musllinux_1_1_i686.whl", hash = "sha256:7f31742c95e3f9443b8c6fa07c119623e61d76603be9c0d390bcf7e888acabcb"},
    {file = "pydantic-1.10.19-cp39-cp39-musllinux_1_1_x86_64.whl", hash = "sha256:c6444368b651a14c2ce2fb22145e1496f7ab23cbdb978590d47c8d34a7bc0289"},
    {file = "pydantic-1.10.19-cp39-cp39-win_amd64.whl", hash = "sha256:945407f4d08cd12485757a281fca0e5b41408606228612f421aa4ea1b63a095d"},
    {file = "pydantic-1.10.19-py3-none-any.whl", hash = "sha256:2206a1752d9fac011e95ca83926a269fb0ef5536f7e053966d058316e24d929f"},
    {file = "pydantic-1.10.19.tar.gz", hash = "sha256:fea36c2065b7a1d28c6819cc2e93387b43dd5d3cf5a1e82d8132ee23f36d1f10"},
]

[package.dependencies]
typing-extensions = ">=4.2.0"

[package.extras]
dotenv = ["python-dotenv (>=0.10.4)"]
email = ["email-validator (>=1.0.3)"]

[[package]]
name = "pymediainfo"
version = "6.1.0"
description = "A Python wrapper for the mediainfo library."
optional = false
python-versions = ">=3.7"
files = [
    {file = "pymediainfo-6.1.0-py3-none-macosx_10_15_x86_64.whl", hash = "sha256:69d5d3cac056c24a68a1129216aec82a222e804a35f88567c08585e8ae7ef2b3"},
    {file = "pymediainfo-6.1.0-py3-none-win32.whl", hash = "sha256:19e6baeca3db71f12ed568f056de899fd02f380990fb10f43a26c32b67362dd3"},
    {file = "pymediainfo-6.1.0-py3-none-win_amd64.whl", hash = "sha256:f3f6bad666c65ac993dd8d64f45a2b26ba2acd50f9875f74cebb624dbf2f8da0"},
    {file = "pymediainfo-6.1.0.tar.gz", hash = "sha256:186a0b41a94524f0984d085ca6b945c79a254465b7097f2560dc0c04e8d1d8a5"},
]

[[package]]
name = "typing-extensions"
version = "4.12.2"
description = "Backported and Experimental Type Hints for Python 3.8+"
optional = false
python-versions = ">=3.8"
files = [
    {file = "typing_extensions-4.12.2-py3-none-any.whl", hash = "sha256:04e5ca0351e0f3f85c6853954072df659d0d13fac324d0072316b67d7794700d"},
    {file = "typing_extensions-4.12.2.tar.gz", hash = "sha256:1a7ead55c7e559dd4dee8856e3a88b41225abfe1ce8df57b7c13915fe121ffb8"},
]

[metadata]
lock-version = "2.0"
python-versions = "^3.9"
content-hash = "e4a7d7be6299dfa659b500c1679daf006c7ad49cf1ccd8940e193054cb238a5a"
